PODS:
  - Alamofire (5.4.4)
  - SwiftyJSON (5.0.1)
  - youtube-ios-player-helper (1.0.3)

DEPENDENCIES:
  - Alamofire
  - SwiftyJSON
  - youtube-ios-player-helper

SPEC REPOS:
  trunk:
    - Alamofire
    - SwiftyJSON
    - youtube-ios-player-helper

SPEC CHECKSUMS:
  Alamofire: f3b09a368f1582ab751b3fff5460276e0d2cf5c9
  SwiftyJSON: 2f33a42c6fbc52764d96f13368585094bfd8aa5e
  youtube-ios-player-helper: 0185c57db23c80d63d6ca11251d110abb8a4ca61

PODFILE CHECKSUM: eb9a889915ae8e4ad46c42defae28deb2b697976

COCOAPODS: 1.11.2
